
Microsoft Visual Studio Solution File, Format Version 12.00
# Visual Studio Version 16
VisualStudioVersion = 16.0.30320.27
MinimumVisualStudioVersion = 10.0.40219.1
Project("{FAE04EC0-301F-11D3-BF4B-00C04F79EFBC}") = "DataStructures", "DataStructures\DataStructures.csproj", "{59C5DD50-9137-49E6-B6A4-DCA2F32FE156}"
EndProject
Project("{FAE04EC0-301F-11D3-BF4B-00C04F79EFBC}") = "Test123", "Test123\Test123.csproj", "{DF4A02C2-715D-4608-95F1-54C36DCBD189}"
EndProject
Global
	GlobalSection(SolutionConfigurationPlatforms) = preSolution
		Debug|Any CPU = Debug|Any CPU
		Release|Any CPU = Release|Any CPU
	EndGlobalSection
	GlobalSection(ProjectConfigurationPlatforms) = postSolution
		{59C5DD50-9137-49E6-B6A4-DCA2F32FE156}.Debug|Any CPU.ActiveCfg = Debug|Any CPU
		{59C5DD50-9137-49E6-B6A4-DCA2F32FE156}.Debug|Any CPU.Build.0 = Debug|Any CPU
		{59C5DD50-9137-49E6-B6A4-DCA2F32FE156}.Release|Any CPU.ActiveCfg = Release|Any CPU
		{59C5DD50-9137-49E6-B6A4-DCA2F32FE156}.Release|Any CPU.Build.0 = Release|Any CPU
		{DF4A02C2-715D-4608-95F1-54C36DCBD189}.Debug|Any CPU.ActiveCfg = Debug|Any CPU
		{DF4A02C2-715D-4608-95F1-54C36DCBD189}.Debug|Any CPU.Build.0 = Debug|Any CPU
		{DF4A02C2-715D-4608-95F1-54C36DCBD189}.Release|Any CPU.ActiveCfg = Release|Any CPU
		{DF4A02C2-715D-4608-95F1-54C36DCBD189}.Release|Any CPU.Build.0 = Release|Any CPU
	EndGlobalSection
	GlobalSection(SolutionProperties) = preSolution
		HideSolutionNode = FALSE
	EndGlobalSection
	GlobalSection(ExtensibilityGlobals) = postSolution
		SolutionGuid = {5A39B925-8ACA-477C-9438-31517B8860FB}
	EndGlobalSection
EndGlobal
